
Microsoft Visual Studio Solution File, Format Version 12.00
# Visual Studio Version 16
VisualStudioVersion = 16.0.29503.13
MinimumVisualStudioVersion = 10.0.40219.1
Project("{2150E333-8FDC-42A3-9474-1A3956D46DE8}") = "Application", "Application", "{E8CB970C-80FC-4CF7-BEFE-FABFB0C1DFDA}"
EndProject
Project("{2150E333-8FDC-42A3-9474-1A3956D46DE8}") = "Domain", "Domain", "{612C8253-41A6-431E-9C19-6D54F2C14599}"
EndProject
Project("{2150E333-8FDC-42A3-9474-1A3956D46DE8}") = "Infra.IOC", "Infra.IOC", "{2E1F9D72-233C-4EF0-A4F5-32323573A533}"
EndProject
Project("{2150E333-8FDC-42A3-9474-1A3956D46DE8}") = "Infra.Data", "Infra.Data", "{839CB431-1A74-4124-B405-3B424356FE12}"
EndProject
Project("{2150E333-8FDC-42A3-9474-1A3956D46DE8}") = "Presentation", "Presentation", "{4F887AF3-171E-492B-A756-9191CB996A42}"
EndProject
Project("{9A19103F-16F7-4668-BE54-9A1E7A4F7556}") = "CleanArch.Mvc", "CleanArch.Mvc\CleanArch.Mvc.csproj", "{28459392-8ACC-40D2-9E5A-88ADF2DA01DF}"
EndProject
Project("{9A19103F-16F7-4668-BE54-9A1E7A4F7556}") = "CleanArch.Domain", "CleanArch.Domain\CleanArch.Domain.csproj", "{4878E32F-AAEE-4AE8-8047-961C201C6121}"
EndProject
Project("{9A19103F-16F7-4668-BE54-9A1E7A4F7556}") = "CleanArch.Infra.Data", "CleanArch.Infra.Data\CleanArch.Infra.Data.csproj", "{DA020A02-45D0-486E-984A-DC2284003CF8}"
EndProject
Project("{FAE04EC0-301F-11D3-BF4B-00C04F79EFBC}") = "CleanArch.Application", "CleanArch.Application\CleanArch.Application.csproj", "{26D87122-B6B4-4324-8D05-DA15843E5660}"
EndProject
Project("{FAE04EC0-301F-11D3-BF4B-00C04F79EFBC}") = "CleanArch.Infra.IoC", "CleanArch.Infra.IoC\CleanArch.Infra.IoC.csproj", "{10E656AD-0877-4615-9DE5-91E0388C0630}"
EndProject
Project("{2150E333-8FDC-42A3-9474-1A3956D46DE8}") = "Infra.Bus", "Infra.Bus", "{8CA1A896-3CC0-4AC8-B09F-0F85A8DBAE6A}"
EndProject
Project("{2150E333-8FDC-42A3-9474-1A3956D46DE8}") = "Api", "Api", "{0881FACB-E743-4717-97B9-B52DEB065D8C}"
EndProject
Project("{FAE04EC0-301F-11D3-BF4B-00C04F79EFBC}") = "CleanArch.Infra.Bus", "CleanArch.Infra.Bus\CleanArch.Infra.Bus.csproj", "{13BEC5B1-EC13-4158-A06C-B36DDF6C2735}"
EndProject
Global
	GlobalSection(SolutionConfigurationPlatforms) = preSolution
		Debug|Any CPU = Debug|Any CPU
		Release|Any CPU = Release|Any CPU
	EndGlobalSection
	GlobalSection(ProjectConfigurationPlatforms) = postSolution
		{28459392-8ACC-40D2-9E5A-88ADF2DA01DF}.Debug|Any CPU.ActiveCfg = Debug|Any CPU
		{28459392-8ACC-40D2-9E5A-88ADF2DA01DF}.Debug|Any CPU.Build.0 = Debug|Any CPU
		{28459392-8ACC-40D2-9E5A-88ADF2DA01DF}.Release|Any CPU.ActiveCfg = Release|Any CPU
		{28459392-8ACC-40D2-9E5A-88ADF2DA01DF}.Release|Any CPU.Build.0 = Release|Any CPU
		{4878E32F-AAEE-4AE8-8047-961C201C6121}.Debug|Any CPU.ActiveCfg = Debug|Any CPU
		{4878E32F-AAEE-4AE8-8047-961C201C6121}.Debug|Any CPU.Build.0 = Debug|Any CPU
		{4878E32F-AAEE-4AE8-8047-961C201C6121}.Release|Any CPU.ActiveCfg = Release|Any CPU
		{4878E32F-AAEE-4AE8-8047-961C201C6121}.Release|Any CPU.Build.0 = Release|Any CPU
		{DA020A02-45D0-486E-984A-DC2284003CF8}.Debug|Any CPU.ActiveCfg = Debug|Any CPU
		{DA020A02-45D0-486E-984A-DC2284003CF8}.Debug|Any CPU.Build.0 = Debug|Any CPU
		{DA020A02-45D0-486E-984A-DC2284003CF8}.Release|Any CPU.ActiveCfg = Release|Any CPU
		{DA020A02-45D0-486E-984A-DC2284003CF8}.Release|Any CPU.Build.0 = Release|Any CPU
		{26D87122-B6B4-4324-8D05-DA15843E5660}.Debug|Any CPU.ActiveCfg = Debug|Any CPU
		{26D87122-B6B4-4324-8D05-DA15843E5660}.Debug|Any CPU.Build.0 = Debug|Any CPU
		{26D87122-B6B4-4324-8D05-DA15843E5660}.Release|Any CPU.ActiveCfg = Release|Any CPU
		{26D87122-B6B4-4324-8D05-DA15843E5660}.Release|Any CPU.Build.0 = Release|Any CPU
		{10E656AD-0877-4615-9DE5-91E0388C0630}.Debug|Any CPU.ActiveCfg = Debug|Any CPU
		{10E656AD-0877-4615-9DE5-91E0388C0630}.Debug|Any CPU.Build.0 = Debug|Any CPU
		{10E656AD-0877-4615-9DE5-91E0388C0630}.Release|Any CPU.ActiveCfg = Release|Any CPU
		{10E656AD-0877-4615-9DE5-91E0388C0630}.Release|Any CPU.Build.0 = Release|Any CPU
		{13BEC5B1-EC13-4158-A06C-B36DDF6C2735}.Debug|Any CPU.ActiveCfg = Debug|Any CPU
		{13BEC5B1-EC13-4158-A06C-B36DDF6C2735}.Debug|Any CPU.Build.0 = Debug|Any CPU
		{13BEC5B1-EC13-4158-A06C-B36DDF6C2735}.Release|Any CPU.ActiveCfg = Release|Any CPU
		{13BEC5B1-EC13-4158-A06C-B36DDF6C2735}.Release|Any CPU.Build.0 = Release|Any CPU
	EndGlobalSection
	GlobalSection(SolutionProperties) = preSolution
		HideSolutionNode = FALSE
	EndGlobalSection
	GlobalSection(NestedProjects) = preSolution
		{28459392-8ACC-40D2-9E5A-88ADF2DA01DF} = {4F887AF3-171E-492B-A756-9191CB996A42}
		{4878E32F-AAEE-4AE8-8047-961C201C6121} = {612C8253-41A6-431E-9C19-6D54F2C14599}
		{DA020A02-45D0-486E-984A-DC2284003CF8} = {839CB431-1A74-4124-B405-3B424356FE12}
		{26D87122-B6B4-4324-8D05-DA15843E5660} = {E8CB970C-80FC-4CF7-BEFE-FABFB0C1DFDA}
		{10E656AD-0877-4615-9DE5-91E0388C0630} = {2E1F9D72-233C-4EF0-A4F5-32323573A533}
		{13BEC5B1-EC13-4158-A06C-B36DDF6C2735} = {8CA1A896-3CC0-4AC8-B09F-0F85A8DBAE6A}
	EndGlobalSection
	GlobalSection(ExtensibilityGlobals) = postSolution
		SolutionGuid = {FCF8D87C-180E-4672-A88F-092025B66B3D}
	EndGlobalSection
EndGlobal
